
Microsoft Visual Studio Solution File, Format Version 12.00
# Visual Studio 15
VisualStudioVersion = 15.0.27130.2036
MinimumVisualStudioVersion = 10.0.40219.1
Project("{9A19103F-16F7-4668-BE54-9A1E7A4F7556}") = "ApiServer", "ApiServer\ApiServer.csproj", "{554F9FA8-280B-42AA-9A37-9998CD82F9F3}"
EndProject
Project("{9A19103F-16F7-4668-BE54-9A1E7A4F7556}") = "ApiModel", "ApiModel\ApiModel.csproj", "{83D1859C-7BE9-4529-95D2-3121FF04A896}"
EndProject
Project("{9A19103F-16F7-4668-BE54-9A1E7A4F7556}") = "BambooCore", "BambooCore\BambooCore.csproj", "{09617D08-EA07-4924-904D-A9EEE788A37F}"
EndProject
Project("{9A19103F-16F7-4668-BE54-9A1E7A4F7556}") = "BambooCommon", "BambooCommon\BambooCommon.csproj", "{D684E136-3F0B-4F90-8BFA-F6D76BDAA41E}"
EndProject
Project("{2150E333-8FDC-42A3-9474-1A3956D46DE8}") = "Apps-Basic", "Apps-Basic", "{E96A2FFC-BD01-468F-A233-C078539A7FF7}"
EndProject
Project("{9A19103F-16F7-4668-BE54-9A1E7A4F7556}") = "Apps.Basic.Data", "apps-basic\Apps.Basic.Data\Apps.Basic.Data.csproj", "{DF727306-80C0-4E0F-A7B0-C5A106D72F0A}"
EndProject
Project("{9A19103F-16F7-4668-BE54-9A1E7A4F7556}") = "Apps.Basic.Export", "apps-basic\Apps.Basic.Export\Apps.Basic.Export.csproj", "{0CEFD3C8-C9E0-4F9B-95DA-860CAB6EA6BE}"
EndProject
Project("{9A19103F-16F7-4668-BE54-9A1E7A4F7556}") = "Apps.Basic.Service", "apps-basic\Apps.Basic.Service\Apps.Basic.Service.csproj", "{22F38E1C-42F8-4FCD-AC61-7AE7BEF39773}"
EndProject
Project("{2150E333-8FDC-42A3-9474-1A3956D46DE8}") = "Apps-Common", "Apps-Common", "{11D88A2F-EEFC-4B7B-8FE0-FB86FB0EE23A}"
EndProject
Project("{9A19103F-16F7-4668-BE54-9A1E7A4F7556}") = "Apps.Base.Common", "apps-common\Apps.Base.Common\Apps.Base.Common.csproj", "{3946520A-6C19-43CB-9722-64B5588BD768}"
EndProject
Project("{2150E333-8FDC-42A3-9474-1A3956D46DE8}") = "Apps-MoreJee", "Apps-MoreJee", "{EC0EF0B8-2FB3-4AA2-8D20-6E51124B2B20}"
EndProject
Project("{9A19103F-16F7-4668-BE54-9A1E7A4F7556}") = "Apps.MoreJee.Data", "apps-morejee\Apps.MoreJee.Data\Apps.MoreJee.Data.csproj", "{7C05960E-BA03-4EB9-B67A-078886DFB78E}"
EndProject
Project("{9A19103F-16F7-4668-BE54-9A1E7A4F7556}") = "Apps.MoreJee.Export", "apps-morejee\Apps.MoreJee.Export\Apps.MoreJee.Export.csproj", "{D0757BA0-D7D9-498E-B0DC-7C9E36AD7DBD}"
EndProject
Project("{9A19103F-16F7-4668-BE54-9A1E7A4F7556}") = "Apps.Base.APIGateway", "apps-common\Apps.Base.APIGateway\Apps.Base.APIGateway.csproj", "{D8318148-E407-4AF1-90B1-C6E0BC79094D}"
EndProject
Project("{9A19103F-16F7-4668-BE54-9A1E7A4F7556}") = "Apps.MoreJee.Service", "Apps.MoreJee.Service\Apps.MoreJee.Service.csproj", "{D4628E57-5836-4D13-8E8A-E21F9DB172D5}"
EndProject
Project("{E53339B2-1760-4266-BCC7-CA923CBCF16C}") = "docker-compose", "docker-compose.dcproj", "{121E219A-3190-4462-B4BD-6F762541479E}"
EndProject
Project("{2150E333-8FDC-42A3-9474-1A3956D46DE8}") = "README", "README", "{F48BF618-8FDA-4DBA-A2D3-EF826C9F65E8}"
	ProjectSection(SolutionItems) = preProject
		README.txt = README.txt
	EndProjectSection
EndProject
Global
	GlobalSection(SolutionConfigurationPlatforms) = preSolution
		Cloud-Dev|Any CPU = Cloud-Dev|Any CPU
		Cloud-Dev|x64 = Cloud-Dev|x64
		Debug|Any CPU = Debug|Any CPU
		Debug|x64 = Debug|x64
		Release|Any CPU = Release|Any CPU
		Release|x64 = Release|x64
	EndGlobalSection
	GlobalSection(ProjectConfigurationPlatforms) = postSolution
		{554F9FA8-280B-42AA-9A37-9998CD82F9F3}.Cloud-Dev|Any CPU.ActiveCfg = Debug|Any CPU
		{554F9FA8-280B-42AA-9A37-9998CD82F9F3}.Cloud-Dev|Any CPU.Build.0 = Debug|Any CPU
		{554F9FA8-280B-42AA-9A37-9998CD82F9F3}.Cloud-Dev|x64.ActiveCfg = Release|Any CPU
		{554F9FA8-280B-42AA-9A37-9998CD82F9F3}.Debug|Any CPU.ActiveCfg = Debug|Any CPU
		{554F9FA8-280B-42AA-9A37-9998CD82F9F3}.Debug|Any CPU.Build.0 = Debug|Any CPU
		{554F9FA8-280B-42AA-9A37-9998CD82F9F3}.Debug|x64.ActiveCfg = Debug|Any CPU
		{554F9FA8-280B-42AA-9A37-9998CD82F9F3}.Release|Any CPU.ActiveCfg = Release|Any CPU
		{554F9FA8-280B-42AA-9A37-9998CD82F9F3}.Release|Any CPU.Build.0 = Release|Any CPU
		{554F9FA8-280B-42AA-9A37-9998CD82F9F3}.Release|x64.ActiveCfg = Release|Any CPU
		{83D1859C-7BE9-4529-95D2-3121FF04A896}.Cloud-Dev|Any CPU.ActiveCfg = Debug|Any CPU
		{83D1859C-7BE9-4529-95D2-3121FF04A896}.Cloud-Dev|Any CPU.Build.0 = Debug|Any CPU
		{83D1859C-7BE9-4529-95D2-3121FF04A896}.Cloud-Dev|x64.ActiveCfg = Cloud-Dev|Any CPU
		{83D1859C-7BE9-4529-95D2-3121FF04A896}.Cloud-Dev|x64.Build.0 = Cloud-Dev|Any CPU
		{83D1859C-7BE9-4529-95D2-3121FF04A896}.Debug|Any CPU.ActiveCfg = Debug|Any CPU
		{83D1859C-7BE9-4529-95D2-3121FF04A896}.Debug|Any CPU.Build.0 = Debug|Any CPU
		{83D1859C-7BE9-4529-95D2-3121FF04A896}.Debug|x64.ActiveCfg = Debug|Any CPU
		{83D1859C-7BE9-4529-95D2-3121FF04A896}.Debug|x64.Build.0 = Debug|Any CPU
		{83D1859C-7BE9-4529-95D2-3121FF04A896}.Release|Any CPU.ActiveCfg = Release|Any CPU
		{83D1859C-7BE9-4529-95D2-3121FF04A896}.Release|Any CPU.Build.0 = Release|Any CPU
		{83D1859C-7BE9-4529-95D2-3121FF04A896}.Release|x64.ActiveCfg = Release|Any CPU
		{83D1859C-7BE9-4529-95D2-3121FF04A896}.Release|x64.Build.0 = Release|Any CPU
		{09617D08-EA07-4924-904D-A9EEE788A37F}.Cloud-Dev|Any CPU.ActiveCfg = Debug|Any CPU
		{09617D08-EA07-4924-904D-A9EEE788A37F}.Cloud-Dev|Any CPU.Build.0 = Debug|Any CPU
		{09617D08-EA07-4924-904D-A9EEE788A37F}.Cloud-Dev|x64.ActiveCfg = Release|Any CPU
		{09617D08-EA07-4924-904D-A9EEE788A37F}.Cloud-Dev|x64.Build.0 = Release|Any CPU
		{09617D08-EA07-4924-904D-A9EEE788A37F}.Debug|Any CPU.ActiveCfg = Debug|Any CPU
		{09617D08-EA07-4924-904D-A9EEE788A37F}.Debug|Any CPU.Build.0 = Debug|Any CPU
		{09617D08-EA07-4924-904D-A9EEE788A37F}.Debug|x64.ActiveCfg = Debug|Any CPU
		{09617D08-EA07-4924-904D-A9EEE788A37F}.Debug|x64.Build.0 = Debug|Any CPU
		{09617D08-EA07-4924-904D-A9EEE788A37F}.Release|Any CPU.ActiveCfg = Release|Any CPU
		{09617D08-EA07-4924-904D-A9EEE788A37F}.Release|Any CPU.Build.0 = Release|Any CPU
		{09617D08-EA07-4924-904D-A9EEE788A37F}.Release|x64.ActiveCfg = Release|Any CPU
		{09617D08-EA07-4924-904D-A9EEE788A37F}.Release|x64.Build.0 = Release|Any CPU
		{D684E136-3F0B-4F90-8BFA-F6D76BDAA41E}.Cloud-Dev|Any CPU.ActiveCfg = Debug|Any CPU
		{D684E136-3F0B-4F90-8BFA-F6D76BDAA41E}.Cloud-Dev|Any CPU.Build.0 = Debug|Any CPU
		{D684E136-3F0B-4F90-8BFA-F6D76BDAA41E}.Cloud-Dev|x64.ActiveCfg = Release|Any CPU
		{D684E136-3F0B-4F90-8BFA-F6D76BDAA41E}.Cloud-Dev|x64.Build.0 = Release|Any CPU
		{D684E136-3F0B-4F90-8BFA-F6D76BDAA41E}.Debug|Any CPU.ActiveCfg = Debug|Any CPU
		{D684E136-3F0B-4F90-8BFA-F6D76BDAA41E}.Debug|Any CPU.Build.0 = Debug|Any CPU
		{D684E136-3F0B-4F90-8BFA-F6D76BDAA41E}.Debug|x64.ActiveCfg = Debug|Any CPU
		{D684E136-3F0B-4F90-8BFA-F6D76BDAA41E}.Debug|x64.Build.0 = Debug|Any CPU
		{D684E136-3F0B-4F90-8BFA-F6D76BDAA41E}.Release|Any CPU.ActiveCfg = Release|Any CPU
		{D684E136-3F0B-4F90-8BFA-F6D76BDAA41E}.Release|Any CPU.Build.0 = Release|Any CPU
		{D684E136-3F0B-4F90-8BFA-F6D76BDAA41E}.Release|x64.ActiveCfg = Release|Any CPU
		{D684E136-3F0B-4F90-8BFA-F6D76BDAA41E}.Release|x64.Build.0 = Release|Any CPU
		{DF727306-80C0-4E0F-A7B0-C5A106D72F0A}.Cloud-Dev|Any CPU.ActiveCfg = Debug|Any CPU
		{DF727306-80C0-4E0F-A7B0-C5A106D72F0A}.Cloud-Dev|Any CPU.Build.0 = Debug|Any CPU
		{DF727306-80C0-4E0F-A7B0-C5A106D72F0A}.Cloud-Dev|x64.ActiveCfg = Release|x64
		{DF727306-80C0-4E0F-A7B0-C5A106D72F0A}.Cloud-Dev|x64.Build.0 = Release|x64
		{DF727306-80C0-4E0F-A7B0-C5A106D72F0A}.Debug|Any CPU.ActiveCfg = Debug|Any CPU
		{DF727306-80C0-4E0F-A7B0-C5A106D72F0A}.Debug|Any CPU.Build.0 = Debug|Any CPU
		{DF727306-80C0-4E0F-A7B0-C5A106D72F0A}.Debug|x64.ActiveCfg = Debug|x64
		{DF727306-80C0-4E0F-A7B0-C5A106D72F0A}.Debug|x64.Build.0 = Debug|x64
		{DF727306-80C0-4E0F-A7B0-C5A106D72F0A}.Release|Any CPU.ActiveCfg = Release|Any CPU
		{DF727306-80C0-4E0F-A7B0-C5A106D72F0A}.Release|Any CPU.Build.0 = Release|Any CPU
		{DF727306-80C0-4E0F-A7B0-C5A106D72F0A}.Release|x64.ActiveCfg = Release|x64
		{DF727306-80C0-4E0F-A7B0-C5A106D72F0A}.Release|x64.Build.0 = Release|x64
		{0CEFD3C8-C9E0-4F9B-95DA-860CAB6EA6BE}.Cloud-Dev|Any CPU.ActiveCfg = Debug|Any CPU
		{0CEFD3C8-C9E0-4F9B-95DA-860CAB6EA6BE}.Cloud-Dev|Any CPU.Build.0 = Debug|Any CPU
		{0CEFD3C8-C9E0-4F9B-95DA-860CAB6EA6BE}.Cloud-Dev|x64.ActiveCfg = Release|x64
		{0CEFD3C8-C9E0-4F9B-95DA-860CAB6EA6BE}.Cloud-Dev|x64.Build.0 = Release|x64
		{0CEFD3C8-C9E0-4F9B-95DA-860CAB6EA6BE}.Debug|Any CPU.ActiveCfg = Debug|Any CPU
		{0CEFD3C8-C9E0-4F9B-95DA-860CAB6EA6BE}.Debug|Any CPU.Build.0 = Debug|Any CPU
		{0CEFD3C8-C9E0-4F9B-95DA-860CAB6EA6BE}.Debug|x64.ActiveCfg = Debug|x64
		{0CEFD3C8-C9E0-4F9B-95DA-860CAB6EA6BE}.Debug|x64.Build.0 = Debug|x64
		{0CEFD3C8-C9E0-4F9B-95DA-860CAB6EA6BE}.Release|Any CPU.ActiveCfg = Release|Any CPU
		{0CEFD3C8-C9E0-4F9B-95DA-860CAB6EA6BE}.Release|Any CPU.Build.0 = Release|Any CPU
		{0CEFD3C8-C9E0-4F9B-95DA-860CAB6EA6BE}.Release|x64.ActiveCfg = Release|x64
		{0CEFD3C8-C9E0-4F9B-95DA-860CAB6EA6BE}.Release|x64.Build.0 = Release|x64
		{22F38E1C-42F8-4FCD-AC61-7AE7BEF39773}.Cloud-Dev|Any CPU.ActiveCfg = Debug|Any CPU
		{22F38E1C-42F8-4FCD-AC61-7AE7BEF39773}.Cloud-Dev|Any CPU.Build.0 = Debug|Any CPU
		{22F38E1C-42F8-4FCD-AC61-7AE7BEF39773}.Cloud-Dev|x64.ActiveCfg = Release|x64
		{22F38E1C-42F8-4FCD-AC61-7AE7BEF39773}.Cloud-Dev|x64.Build.0 = Release|x64
		{22F38E1C-42F8-4FCD-AC61-7AE7BEF39773}.Debug|Any CPU.ActiveCfg = Debug|Any CPU
		{22F38E1C-42F8-4FCD-AC61-7AE7BEF39773}.Debug|Any CPU.Build.0 = Debug|Any CPU
		{22F38E1C-42F8-4FCD-AC61-7AE7BEF39773}.Debug|x64.ActiveCfg = Debug|x64
		{22F38E1C-42F8-4FCD-AC61-7AE7BEF39773}.Debug|x64.Build.0 = Debug|x64
		{22F38E1C-42F8-4FCD-AC61-7AE7BEF39773}.Release|Any CPU.ActiveCfg = Release|Any CPU
		{22F38E1C-42F8-4FCD-AC61-7AE7BEF39773}.Release|Any CPU.Build.0 = Release|Any CPU
		{22F38E1C-42F8-4FCD-AC61-7AE7BEF39773}.Release|x64.ActiveCfg = Release|x64
		{22F38E1C-42F8-4FCD-AC61-7AE7BEF39773}.Release|x64.Build.0 = Release|x64
		{3946520A-6C19-43CB-9722-64B5588BD768}.Cloud-Dev|Any CPU.ActiveCfg = Debug|Any CPU
		{3946520A-6C19-43CB-9722-64B5588BD768}.Cloud-Dev|Any CPU.Build.0 = Debug|Any CPU
		{3946520A-6C19-43CB-9722-64B5588BD768}.Cloud-Dev|x64.ActiveCfg = Debug|Any CPU
		{3946520A-6C19-43CB-9722-64B5588BD768}.Cloud-Dev|x64.Build.0 = Debug|Any CPU
		{3946520A-6C19-43CB-9722-64B5588BD768}.Debug|Any CPU.ActiveCfg = Debug|Any CPU
		{3946520A-6C19-43CB-9722-64B5588BD768}.Debug|Any CPU.Build.0 = Debug|Any CPU
		{3946520A-6C19-43CB-9722-64B5588BD768}.Debug|x64.ActiveCfg = Debug|Any CPU
		{3946520A-6C19-43CB-9722-64B5588BD768}.Debug|x64.Build.0 = Debug|Any CPU
		{3946520A-6C19-43CB-9722-64B5588BD768}.Release|Any CPU.ActiveCfg = Release|Any CPU
		{3946520A-6C19-43CB-9722-64B5588BD768}.Release|Any CPU.Build.0 = Release|Any CPU
		{3946520A-6C19-43CB-9722-64B5588BD768}.Release|x64.ActiveCfg = Release|Any CPU
		{3946520A-6C19-43CB-9722-64B5588BD768}.Release|x64.Build.0 = Release|Any CPU
		{7C05960E-BA03-4EB9-B67A-078886DFB78E}.Cloud-Dev|Any CPU.ActiveCfg = Debug|Any CPU
		{7C05960E-BA03-4EB9-B67A-078886DFB78E}.Cloud-Dev|Any CPU.Build.0 = Debug|Any CPU
		{7C05960E-BA03-4EB9-B67A-078886DFB78E}.Cloud-Dev|x64.ActiveCfg = Debug|Any CPU
		{7C05960E-BA03-4EB9-B67A-078886DFB78E}.Cloud-Dev|x64.Build.0 = Debug|Any CPU
		{7C05960E-BA03-4EB9-B67A-078886DFB78E}.Debug|Any CPU.ActiveCfg = Debug|Any CPU
		{7C05960E-BA03-4EB9-B67A-078886DFB78E}.Debug|Any CPU.Build.0 = Debug|Any CPU
		{7C05960E-BA03-4EB9-B67A-078886DFB78E}.Debug|x64.ActiveCfg = Debug|Any CPU
		{7C05960E-BA03-4EB9-B67A-078886DFB78E}.Debug|x64.Build.0 = Debug|Any CPU
		{7C05960E-BA03-4EB9-B67A-078886DFB78E}.Release|Any CPU.ActiveCfg = Release|Any CPU
		{7C05960E-BA03-4EB9-B67A-078886DFB78E}.Release|Any CPU.Build.0 = Release|Any CPU
		{7C05960E-BA03-4EB9-B67A-078886DFB78E}.Release|x64.ActiveCfg = Release|Any CPU
		{7C05960E-BA03-4EB9-B67A-078886DFB78E}.Release|x64.Build.0 = Release|Any CPU
		{D0757BA0-D7D9-498E-B0DC-7C9E36AD7DBD}.Cloud-Dev|Any CPU.ActiveCfg = Debug|Any CPU
		{D0757BA0-D7D9-498E-B0DC-7C9E36AD7DBD}.Cloud-Dev|Any CPU.Build.0 = Debug|Any CPU
		{D0757BA0-D7D9-498E-B0DC-7C9E36AD7DBD}.Cloud-Dev|x64.ActiveCfg = Debug|Any CPU
		{D0757BA0-D7D9-498E-B0DC-7C9E36AD7DBD}.Cloud-Dev|x64.Build.0 = Debug|Any CPU
		{D0757BA0-D7D9-498E-B0DC-7C9E36AD7DBD}.Debug|Any CPU.ActiveCfg = Debug|Any CPU
		{D0757BA0-D7D9-498E-B0DC-7C9E36AD7DBD}.Debug|Any CPU.Build.0 = Debug|Any CPU
		{D0757BA0-D7D9-498E-B0DC-7C9E36AD7DBD}.Debug|x64.ActiveCfg = Debug|Any CPU
		{D0757BA0-D7D9-498E-B0DC-7C9E36AD7DBD}.Debug|x64.Build.0 = Debug|Any CPU
		{D0757BA0-D7D9-498E-B0DC-7C9E36AD7DBD}.Release|Any CPU.ActiveCfg = Release|Any CPU
		{D0757BA0-D7D9-498E-B0DC-7C9E36AD7DBD}.Release|Any CPU.Build.0 = Release|Any CPU
		{D0757BA0-D7D9-498E-B0DC-7C9E36AD7DBD}.Release|x64.ActiveCfg = Release|Any CPU
		{D0757BA0-D7D9-498E-B0DC-7C9E36AD7DBD}.Release|x64.Build.0 = Release|Any CPU
		{D8318148-E407-4AF1-90B1-C6E0BC79094D}.Cloud-Dev|Any CPU.ActiveCfg = Debug|Any CPU
		{D8318148-E407-4AF1-90B1-C6E0BC79094D}.Cloud-Dev|Any CPU.Build.0 = Debug|Any CPU
		{D8318148-E407-4AF1-90B1-C6E0BC79094D}.Cloud-Dev|x64.ActiveCfg = Debug|Any CPU
		{D8318148-E407-4AF1-90B1-C6E0BC79094D}.Cloud-Dev|x64.Build.0 = Debug|Any CPU
		{D8318148-E407-4AF1-90B1-C6E0BC79094D}.Debug|Any CPU.ActiveCfg = Debug|Any CPU
		{D8318148-E407-4AF1-90B1-C6E0BC79094D}.Debug|Any CPU.Build.0 = Debug|Any CPU
		{D8318148-E407-4AF1-90B1-C6E0BC79094D}.Debug|x64.ActiveCfg = Debug|Any CPU
		{D8318148-E407-4AF1-90B1-C6E0BC79094D}.Debug|x64.Build.0 = Debug|Any CPU
		{D8318148-E407-4AF1-90B1-C6E0BC79094D}.Release|Any CPU.ActiveCfg = Release|Any CPU
		{D8318148-E407-4AF1-90B1-C6E0BC79094D}.Release|Any CPU.Build.0 = Release|Any CPU
		{D8318148-E407-4AF1-90B1-C6E0BC79094D}.Release|x64.ActiveCfg = Release|Any CPU
		{D8318148-E407-4AF1-90B1-C6E0BC79094D}.Release|x64.Build.0 = Release|Any CPU
		{D4628E57-5836-4D13-8E8A-E21F9DB172D5}.Cloud-Dev|Any CPU.ActiveCfg = Debug|Any CPU
		{D4628E57-5836-4D13-8E8A-E21F9DB172D5}.Cloud-Dev|Any CPU.Build.0 = Debug|Any CPU
		{D4628E57-5836-4D13-8E8A-E21F9DB172D5}.Cloud-Dev|x64.ActiveCfg = Debug|Any CPU
		{D4628E57-5836-4D13-8E8A-E21F9DB172D5}.Cloud-Dev|x64.Build.0 = Debug|Any CPU
		{D4628E57-5836-4D13-8E8A-E21F9DB172D5}.Debug|Any CPU.ActiveCfg = Debug|Any CPU
		{D4628E57-5836-4D13-8E8A-E21F9DB172D5}.Debug|Any CPU.Build.0 = Debug|Any CPU
		{D4628E57-5836-4D13-8E8A-E21F9DB172D5}.Debug|x64.ActiveCfg = Debug|Any CPU
		{D4628E57-5836-4D13-8E8A-E21F9DB172D5}.Debug|x64.Build.0 = Debug|Any CPU
		{D4628E57-5836-4D13-8E8A-E21F9DB172D5}.Release|Any CPU.ActiveCfg = Release|Any CPU
		{D4628E57-5836-4D13-8E8A-E21F9DB172D5}.Release|Any CPU.Build.0 = Release|Any CPU
		{D4628E57-5836-4D13-8E8A-E21F9DB172D5}.Release|x64.ActiveCfg = Release|Any CPU
		{D4628E57-5836-4D13-8E8A-E21F9DB172D5}.Release|x64.Build.0 = Release|Any CPU
		{121E219A-3190-4462-B4BD-6F762541479E}.Cloud-Dev|Any CPU.ActiveCfg = Debug|Any CPU
		{121E219A-3190-4462-B4BD-6F762541479E}.Cloud-Dev|Any CPU.Build.0 = Debug|Any CPU
		{121E219A-3190-4462-B4BD-6F762541479E}.Cloud-Dev|x64.ActiveCfg = Debug|Any CPU
		{121E219A-3190-4462-B4BD-6F762541479E}.Cloud-Dev|x64.Build.0 = Debug|Any CPU
		{121E219A-3190-4462-B4BD-6F762541479E}.Debug|Any CPU.ActiveCfg = Debug|Any CPU
		{121E219A-3190-4462-B4BD-6F762541479E}.Debug|Any CPU.Build.0 = Debug|Any CPU
		{121E219A-3190-4462-B4BD-6F762541479E}.Debug|x64.ActiveCfg = Debug|Any CPU
		{121E219A-3190-4462-B4BD-6F762541479E}.Debug|x64.Build.0 = Debug|Any CPU
		{121E219A-3190-4462-B4BD-6F762541479E}.Release|Any CPU.ActiveCfg = Release|Any CPU
		{121E219A-3190-4462-B4BD-6F762541479E}.Release|Any CPU.Build.0 = Release|Any CPU
		{121E219A-3190-4462-B4BD-6F762541479E}.Release|x64.ActiveCfg = Release|Any CPU
		{121E219A-3190-4462-B4BD-6F762541479E}.Release|x64.Build.0 = Release|Any CPU
	EndGlobalSection
	GlobalSection(SolutionProperties) = preSolution
		HideSolutionNode = FALSE
	EndGlobalSection
	GlobalSection(NestedProjects) = preSolution
		{DF727306-80C0-4E0F-A7B0-C5A106D72F0A} = {E96A2FFC-BD01-468F-A233-C078539A7FF7}
		{0CEFD3C8-C9E0-4F9B-95DA-860CAB6EA6BE} = {E96A2FFC-BD01-468F-A233-C078539A7FF7}
		{22F38E1C-42F8-4FCD-AC61-7AE7BEF39773} = {E96A2FFC-BD01-468F-A233-C078539A7FF7}
		{3946520A-6C19-43CB-9722-64B5588BD768} = {11D88A2F-EEFC-4B7B-8FE0-FB86FB0EE23A}
		{7C05960E-BA03-4EB9-B67A-078886DFB78E} = {EC0EF0B8-2FB3-4AA2-8D20-6E51124B2B20}
		{D0757BA0-D7D9-498E-B0DC-7C9E36AD7DBD} = {EC0EF0B8-2FB3-4AA2-8D20-6E51124B2B20}
		{D8318148-E407-4AF1-90B1-C6E0BC79094D} = {11D88A2F-EEFC-4B7B-8FE0-FB86FB0EE23A}
		{D4628E57-5836-4D13-8E8A-E21F9DB172D5} = {EC0EF0B8-2FB3-4AA2-8D20-6E51124B2B20}
	EndGlobalSection
	GlobalSection(ExtensibilityGlobals) = postSolution
		SolutionGuid = {4A7C9C5D-246F-4437-BA0F-E239E0D792F3}
	EndGlobalSection
EndGlobal
