
Microsoft Visual Studio Solution File, Format Version 12.00
# Visual Studio 15
VisualStudioVersion = 15.0.28010.2036
MinimumVisualStudioVersion = 10.0.40219.1
Project("{2150E333-8FDC-42A3-9474-1A3956D46DE8}") = "Apps-Basic", "Apps-Basic", "{E2C65D8D-0DCF-476C-B169-A2E11CC51F8A}"
EndProject
Project("{2150E333-8FDC-42A3-9474-1A3956D46DE8}") = "Apps-Common", "Apps-Common", "{AFD21ED3-AA11-4B78-97B7-8B630C53E40C}"
EndProject
Project("{2150E333-8FDC-42A3-9474-1A3956D46DE8}") = "Apps-MoreJee", "Apps-MoreJee", "{82AF59DE-EC8C-4161-81C9-56DBC1D6D966}"
EndProject
Project("{2150E333-8FDC-42A3-9474-1A3956D46DE8}") = "Apps-Legacy", "Apps-Legacy", "{3097E782-8305-4027-B39C-357AAEB0B686}"
EndProject
Project("{9A19103F-16F7-4668-BE54-9A1E7A4F7556}") = "Apps.Basic.Data", "apps-basic\Apps.Basic.Data\Apps.Basic.Data.csproj", "{88E83460-813F-44A1-A679-A6D3FA424EE1}"
EndProject
Project("{9A19103F-16F7-4668-BE54-9A1E7A4F7556}") = "Apps.Basic.Export", "apps-basic\Apps.Basic.Export\Apps.Basic.Export.csproj", "{7C2F373F-9206-464D-9B20-6B00CA481F9B}"
EndProject
Project("{9A19103F-16F7-4668-BE54-9A1E7A4F7556}") = "Apps.Basic.Service", "apps-basic\Apps.Basic.Service\Apps.Basic.Service.csproj", "{FA800016-C390-405E-89F6-D0BA4E8E3079}"
EndProject
Project("{9A19103F-16F7-4668-BE54-9A1E7A4F7556}") = "Apps.Base.Common", "apps-common\Apps.Base.Common\Apps.Base.Common.csproj", "{2D2ED7EB-15BC-4025-A300-0E702F4A4174}"
EndProject
Project("{9A19103F-16F7-4668-BE54-9A1E7A4F7556}") = "Apps.Base.APIGateway", "apps-common\Apps.Base.APIGateway\Apps.Base.APIGateway.csproj", "{8035BDE9-AAA7-4D76-A252-D05ACB9F9213}"
EndProject
Project("{9A19103F-16F7-4668-BE54-9A1E7A4F7556}") = "Apps.MoreJee.Data", "apps-morejee\Apps.MoreJee.Data\Apps.MoreJee.Data.csproj", "{700B8AEB-1D53-49C4-98BB-80760503386B}"
EndProject
Project("{9A19103F-16F7-4668-BE54-9A1E7A4F7556}") = "Apps.MoreJee.Export", "apps-morejee\Apps.MoreJee.Export\Apps.MoreJee.Export.csproj", "{A2491E3A-974A-4CF1-BE8C-71FDDB2E2671}"
EndProject
Project("{9A19103F-16F7-4668-BE54-9A1E7A4F7556}") = "Apps.MoreJee.Service", "apps-morejee\Apps.MoreJee.Service\Apps.MoreJee.Service.csproj", "{5381F78A-5C4F-4D01-84CD-D089092A45B5}"
EndProject
Project("{9A19103F-16F7-4668-BE54-9A1E7A4F7556}") = "ApiModel", "apps-legacy\ApiModel\ApiModel.csproj", "{1A22A888-C499-47B1-8410-3CB356CAFAC4}"
EndProject
Project("{9A19103F-16F7-4668-BE54-9A1E7A4F7556}") = "BambooCommon", "apps-legacy\BambooCommon\BambooCommon.csproj", "{0217E2F0-1B5C-4A0F-B0F2-70CF4BD768AE}"
EndProject
Project("{9A19103F-16F7-4668-BE54-9A1E7A4F7556}") = "BambooCore", "apps-legacy\BambooCore\BambooCore.csproj", "{C7102E2F-8032-48BE-83AA-ECED46CD79FC}"
EndProject
Project("{9A19103F-16F7-4668-BE54-9A1E7A4F7556}") = "ApiServer", "apps-legacy\ApiServer\ApiServer.csproj", "{23477002-62D8-42BA-B1D3-ED40DDD3ECDD}"
EndProject
Project("{2150E333-8FDC-42A3-9474-1A3956D46DE8}") = "DockerCompose", "DockerCompose", "{743F8A74-DEA4-40E1-8557-C292E861BD53}"
	ProjectSection(SolutionItems) = preProject
		docker-compose.yml = docker-compose.yml
	EndProjectSection
EndProject
Project("{2150E333-8FDC-42A3-9474-1A3956D46DE8}") = "README", "README", "{28BB17AA-AC2A-4E71-923F-59B8A454EF8E}"
	ProjectSection(SolutionItems) = preProject
		README\必读.txt = README\必读.txt
	EndProjectSection
EndProject
Project("{2150E333-8FDC-42A3-9474-1A3956D46DE8}") = "Apps-FileSystem", "Apps-FileSystem", "{C299A4ED-0C72-46FC-8988-8C0393C4B174}"
EndProject
Project("{9A19103F-16F7-4668-BE54-9A1E7A4F7556}") = "Apps.FileSystem.Data", "apps-filesystem\Apps.FileSystem.Data\Apps.FileSystem.Data.csproj", "{70D1B47B-98DB-48A8-8EBD-3EAD4999A3AD}"
EndProject
Project("{9A19103F-16F7-4668-BE54-9A1E7A4F7556}") = "Apps.FileSystem.Export", "apps-filesystem\Apps.FileSystem.Export\Apps.FileSystem.Export.csproj", "{E7E0935D-9702-4C8D-9567-414ED1C6421C}"
EndProject
Project("{9A19103F-16F7-4668-BE54-9A1E7A4F7556}") = "Apps.FileSystem.Service", "apps-filesystem\Apps.FileSystem.Service\Apps.FileSystem.Service.csproj", "{223046F5-3FAE-45B3-AD71-91623CD949FF}"
EndProject
Project("{2150E333-8FDC-42A3-9474-1A3956D46DE8}") = "Apps-Foundation", "Apps-Foundation", "{FAD9CC05-C969-4AEA-9897-38328784F471}"
EndProject
Project("{2150E333-8FDC-42A3-9474-1A3956D46DE8}") = "MongoDB", "MongoDB", "{11C304DC-B835-4902-8910-D913AF22F1AB}"
	ProjectSection(SolutionItems) = preProject
		apps-foundation\Apps_MongoDB\Dockerfile = apps-foundation\Apps_MongoDB\Dockerfile
	EndProjectSection
EndProject
Project("{2150E333-8FDC-42A3-9474-1A3956D46DE8}") = "PostgresDB", "PostgresDB", "{024F8A89-9D1C-4948-BD9E-1A71FF5BC1EE}"
	ProjectSection(SolutionItems) = preProject
		apps-foundation\Apps_PostgresDB\Dockerfile = apps-foundation\Apps_PostgresDB\Dockerfile
	EndProjectSection
EndProject
Global
	GlobalSection(SolutionConfigurationPlatforms) = preSolution
		Cloud-Dev|Any CPU = Cloud-Dev|Any CPU
		Cloud-Dev|x64 = Cloud-Dev|x64
		Debug|Any CPU = Debug|Any CPU
		Debug|x64 = Debug|x64
		Release|Any CPU = Release|Any CPU
		Release|x64 = Release|x64
	EndGlobalSection
	GlobalSection(ProjectConfigurationPlatforms) = postSolution
		{88E83460-813F-44A1-A679-A6D3FA424EE1}.Cloud-Dev|Any CPU.ActiveCfg = Debug|Any CPU
		{88E83460-813F-44A1-A679-A6D3FA424EE1}.Cloud-Dev|Any CPU.Build.0 = Debug|Any CPU
		{88E83460-813F-44A1-A679-A6D3FA424EE1}.Cloud-Dev|x64.ActiveCfg = Release|x64
		{88E83460-813F-44A1-A679-A6D3FA424EE1}.Cloud-Dev|x64.Build.0 = Release|x64
		{88E83460-813F-44A1-A679-A6D3FA424EE1}.Debug|Any CPU.ActiveCfg = Debug|Any CPU
		{88E83460-813F-44A1-A679-A6D3FA424EE1}.Debug|Any CPU.Build.0 = Debug|Any CPU
		{88E83460-813F-44A1-A679-A6D3FA424EE1}.Debug|x64.ActiveCfg = Debug|x64
		{88E83460-813F-44A1-A679-A6D3FA424EE1}.Debug|x64.Build.0 = Debug|x64
		{88E83460-813F-44A1-A679-A6D3FA424EE1}.Release|Any CPU.ActiveCfg = Release|Any CPU
		{88E83460-813F-44A1-A679-A6D3FA424EE1}.Release|Any CPU.Build.0 = Release|Any CPU
		{88E83460-813F-44A1-A679-A6D3FA424EE1}.Release|x64.ActiveCfg = Release|x64
		{88E83460-813F-44A1-A679-A6D3FA424EE1}.Release|x64.Build.0 = Release|x64
		{7C2F373F-9206-464D-9B20-6B00CA481F9B}.Cloud-Dev|Any CPU.ActiveCfg = Debug|Any CPU
		{7C2F373F-9206-464D-9B20-6B00CA481F9B}.Cloud-Dev|Any CPU.Build.0 = Debug|Any CPU
		{7C2F373F-9206-464D-9B20-6B00CA481F9B}.Cloud-Dev|x64.ActiveCfg = Release|x64
		{7C2F373F-9206-464D-9B20-6B00CA481F9B}.Cloud-Dev|x64.Build.0 = Release|x64
		{7C2F373F-9206-464D-9B20-6B00CA481F9B}.Debug|Any CPU.ActiveCfg = Debug|Any CPU
		{7C2F373F-9206-464D-9B20-6B00CA481F9B}.Debug|Any CPU.Build.0 = Debug|Any CPU
		{7C2F373F-9206-464D-9B20-6B00CA481F9B}.Debug|x64.ActiveCfg = Debug|x64
		{7C2F373F-9206-464D-9B20-6B00CA481F9B}.Debug|x64.Build.0 = Debug|x64
		{7C2F373F-9206-464D-9B20-6B00CA481F9B}.Release|Any CPU.ActiveCfg = Release|Any CPU
		{7C2F373F-9206-464D-9B20-6B00CA481F9B}.Release|Any CPU.Build.0 = Release|Any CPU
		{7C2F373F-9206-464D-9B20-6B00CA481F9B}.Release|x64.ActiveCfg = Release|x64
		{7C2F373F-9206-464D-9B20-6B00CA481F9B}.Release|x64.Build.0 = Release|x64
		{FA800016-C390-405E-89F6-D0BA4E8E3079}.Cloud-Dev|Any CPU.ActiveCfg = Debug|Any CPU
		{FA800016-C390-405E-89F6-D0BA4E8E3079}.Cloud-Dev|Any CPU.Build.0 = Debug|Any CPU
		{FA800016-C390-405E-89F6-D0BA4E8E3079}.Cloud-Dev|x64.ActiveCfg = Release|x64
		{FA800016-C390-405E-89F6-D0BA4E8E3079}.Cloud-Dev|x64.Build.0 = Release|x64
		{FA800016-C390-405E-89F6-D0BA4E8E3079}.Debug|Any CPU.ActiveCfg = Debug|Any CPU
		{FA800016-C390-405E-89F6-D0BA4E8E3079}.Debug|Any CPU.Build.0 = Debug|Any CPU
		{FA800016-C390-405E-89F6-D0BA4E8E3079}.Debug|x64.ActiveCfg = Debug|x64
		{FA800016-C390-405E-89F6-D0BA4E8E3079}.Debug|x64.Build.0 = Debug|x64
		{FA800016-C390-405E-89F6-D0BA4E8E3079}.Release|Any CPU.ActiveCfg = Release|Any CPU
		{FA800016-C390-405E-89F6-D0BA4E8E3079}.Release|Any CPU.Build.0 = Release|Any CPU
		{FA800016-C390-405E-89F6-D0BA4E8E3079}.Release|x64.ActiveCfg = Release|x64
		{FA800016-C390-405E-89F6-D0BA4E8E3079}.Release|x64.Build.0 = Release|x64
		{2D2ED7EB-15BC-4025-A300-0E702F4A4174}.Cloud-Dev|Any CPU.ActiveCfg = Debug|Any CPU
		{2D2ED7EB-15BC-4025-A300-0E702F4A4174}.Cloud-Dev|Any CPU.Build.0 = Debug|Any CPU
		{2D2ED7EB-15BC-4025-A300-0E702F4A4174}.Cloud-Dev|x64.ActiveCfg = Debug|Any CPU
		{2D2ED7EB-15BC-4025-A300-0E702F4A4174}.Cloud-Dev|x64.Build.0 = Debug|Any CPU
		{2D2ED7EB-15BC-4025-A300-0E702F4A4174}.Debug|Any CPU.ActiveCfg = Debug|Any CPU
		{2D2ED7EB-15BC-4025-A300-0E702F4A4174}.Debug|Any CPU.Build.0 = Debug|Any CPU
		{2D2ED7EB-15BC-4025-A300-0E702F4A4174}.Debug|x64.ActiveCfg = Debug|Any CPU
		{2D2ED7EB-15BC-4025-A300-0E702F4A4174}.Debug|x64.Build.0 = Debug|Any CPU
		{2D2ED7EB-15BC-4025-A300-0E702F4A4174}.Release|Any CPU.ActiveCfg = Release|Any CPU
		{2D2ED7EB-15BC-4025-A300-0E702F4A4174}.Release|Any CPU.Build.0 = Release|Any CPU
		{2D2ED7EB-15BC-4025-A300-0E702F4A4174}.Release|x64.ActiveCfg = Release|Any CPU
		{2D2ED7EB-15BC-4025-A300-0E702F4A4174}.Release|x64.Build.0 = Release|Any CPU
		{8035BDE9-AAA7-4D76-A252-D05ACB9F9213}.Cloud-Dev|Any CPU.ActiveCfg = Debug|Any CPU
		{8035BDE9-AAA7-4D76-A252-D05ACB9F9213}.Cloud-Dev|Any CPU.Build.0 = Debug|Any CPU
		{8035BDE9-AAA7-4D76-A252-D05ACB9F9213}.Cloud-Dev|x64.ActiveCfg = Debug|Any CPU
		{8035BDE9-AAA7-4D76-A252-D05ACB9F9213}.Cloud-Dev|x64.Build.0 = Debug|Any CPU
		{8035BDE9-AAA7-4D76-A252-D05ACB9F9213}.Debug|Any CPU.ActiveCfg = Debug|Any CPU
		{8035BDE9-AAA7-4D76-A252-D05ACB9F9213}.Debug|Any CPU.Build.0 = Debug|Any CPU
		{8035BDE9-AAA7-4D76-A252-D05ACB9F9213}.Debug|x64.ActiveCfg = Debug|Any CPU
		{8035BDE9-AAA7-4D76-A252-D05ACB9F9213}.Debug|x64.Build.0 = Debug|Any CPU
		{8035BDE9-AAA7-4D76-A252-D05ACB9F9213}.Release|Any CPU.ActiveCfg = Release|Any CPU
		{8035BDE9-AAA7-4D76-A252-D05ACB9F9213}.Release|Any CPU.Build.0 = Release|Any CPU
		{8035BDE9-AAA7-4D76-A252-D05ACB9F9213}.Release|x64.ActiveCfg = Release|Any CPU
		{8035BDE9-AAA7-4D76-A252-D05ACB9F9213}.Release|x64.Build.0 = Release|Any CPU
		{700B8AEB-1D53-49C4-98BB-80760503386B}.Cloud-Dev|Any CPU.ActiveCfg = Debug|Any CPU
		{700B8AEB-1D53-49C4-98BB-80760503386B}.Cloud-Dev|Any CPU.Build.0 = Debug|Any CPU
		{700B8AEB-1D53-49C4-98BB-80760503386B}.Cloud-Dev|x64.ActiveCfg = Debug|Any CPU
		{700B8AEB-1D53-49C4-98BB-80760503386B}.Cloud-Dev|x64.Build.0 = Debug|Any CPU
		{700B8AEB-1D53-49C4-98BB-80760503386B}.Debug|Any CPU.ActiveCfg = Debug|Any CPU
		{700B8AEB-1D53-49C4-98BB-80760503386B}.Debug|Any CPU.Build.0 = Debug|Any CPU
		{700B8AEB-1D53-49C4-98BB-80760503386B}.Debug|x64.ActiveCfg = Debug|Any CPU
		{700B8AEB-1D53-49C4-98BB-80760503386B}.Debug|x64.Build.0 = Debug|Any CPU
		{700B8AEB-1D53-49C4-98BB-80760503386B}.Release|Any CPU.ActiveCfg = Release|Any CPU
		{700B8AEB-1D53-49C4-98BB-80760503386B}.Release|Any CPU.Build.0 = Release|Any CPU
		{700B8AEB-1D53-49C4-98BB-80760503386B}.Release|x64.ActiveCfg = Release|Any CPU
		{700B8AEB-1D53-49C4-98BB-80760503386B}.Release|x64.Build.0 = Release|Any CPU
		{A2491E3A-974A-4CF1-BE8C-71FDDB2E2671}.Cloud-Dev|Any CPU.ActiveCfg = Debug|Any CPU
		{A2491E3A-974A-4CF1-BE8C-71FDDB2E2671}.Cloud-Dev|Any CPU.Build.0 = Debug|Any CPU
		{A2491E3A-974A-4CF1-BE8C-71FDDB2E2671}.Cloud-Dev|x64.ActiveCfg = Debug|Any CPU
		{A2491E3A-974A-4CF1-BE8C-71FDDB2E2671}.Cloud-Dev|x64.Build.0 = Debug|Any CPU
		{A2491E3A-974A-4CF1-BE8C-71FDDB2E2671}.Debug|Any CPU.ActiveCfg = Debug|Any CPU
		{A2491E3A-974A-4CF1-BE8C-71FDDB2E2671}.Debug|Any CPU.Build.0 = Debug|Any CPU
		{A2491E3A-974A-4CF1-BE8C-71FDDB2E2671}.Debug|x64.ActiveCfg = Debug|Any CPU
		{A2491E3A-974A-4CF1-BE8C-71FDDB2E2671}.Debug|x64.Build.0 = Debug|Any CPU
		{A2491E3A-974A-4CF1-BE8C-71FDDB2E2671}.Release|Any CPU.ActiveCfg = Release|Any CPU
		{A2491E3A-974A-4CF1-BE8C-71FDDB2E2671}.Release|Any CPU.Build.0 = Release|Any CPU
		{A2491E3A-974A-4CF1-BE8C-71FDDB2E2671}.Release|x64.ActiveCfg = Release|Any CPU
		{A2491E3A-974A-4CF1-BE8C-71FDDB2E2671}.Release|x64.Build.0 = Release|Any CPU
		{5381F78A-5C4F-4D01-84CD-D089092A45B5}.Cloud-Dev|Any CPU.ActiveCfg = Debug|Any CPU
		{5381F78A-5C4F-4D01-84CD-D089092A45B5}.Cloud-Dev|Any CPU.Build.0 = Debug|Any CPU
		{5381F78A-5C4F-4D01-84CD-D089092A45B5}.Cloud-Dev|x64.ActiveCfg = Debug|Any CPU
		{5381F78A-5C4F-4D01-84CD-D089092A45B5}.Cloud-Dev|x64.Build.0 = Debug|Any CPU
		{5381F78A-5C4F-4D01-84CD-D089092A45B5}.Debug|Any CPU.ActiveCfg = Debug|Any CPU
		{5381F78A-5C4F-4D01-84CD-D089092A45B5}.Debug|Any CPU.Build.0 = Debug|Any CPU
		{5381F78A-5C4F-4D01-84CD-D089092A45B5}.Debug|x64.ActiveCfg = Debug|Any CPU
		{5381F78A-5C4F-4D01-84CD-D089092A45B5}.Debug|x64.Build.0 = Debug|Any CPU
		{5381F78A-5C4F-4D01-84CD-D089092A45B5}.Release|Any CPU.ActiveCfg = Release|Any CPU
		{5381F78A-5C4F-4D01-84CD-D089092A45B5}.Release|Any CPU.Build.0 = Release|Any CPU
		{5381F78A-5C4F-4D01-84CD-D089092A45B5}.Release|x64.ActiveCfg = Release|Any CPU
		{5381F78A-5C4F-4D01-84CD-D089092A45B5}.Release|x64.Build.0 = Release|Any CPU
		{1A22A888-C499-47B1-8410-3CB356CAFAC4}.Cloud-Dev|Any CPU.ActiveCfg = Cloud-Dev|Any CPU
		{1A22A888-C499-47B1-8410-3CB356CAFAC4}.Cloud-Dev|Any CPU.Build.0 = Cloud-Dev|Any CPU
		{1A22A888-C499-47B1-8410-3CB356CAFAC4}.Cloud-Dev|x64.ActiveCfg = Cloud-Dev|Any CPU
		{1A22A888-C499-47B1-8410-3CB356CAFAC4}.Cloud-Dev|x64.Build.0 = Cloud-Dev|Any CPU
		{1A22A888-C499-47B1-8410-3CB356CAFAC4}.Debug|Any CPU.ActiveCfg = Debug|Any CPU
		{1A22A888-C499-47B1-8410-3CB356CAFAC4}.Debug|Any CPU.Build.0 = Debug|Any CPU
		{1A22A888-C499-47B1-8410-3CB356CAFAC4}.Debug|x64.ActiveCfg = Debug|Any CPU
		{1A22A888-C499-47B1-8410-3CB356CAFAC4}.Debug|x64.Build.0 = Debug|Any CPU
		{1A22A888-C499-47B1-8410-3CB356CAFAC4}.Release|Any CPU.ActiveCfg = Release|Any CPU
		{1A22A888-C499-47B1-8410-3CB356CAFAC4}.Release|Any CPU.Build.0 = Release|Any CPU
		{1A22A888-C499-47B1-8410-3CB356CAFAC4}.Release|x64.ActiveCfg = Release|Any CPU
		{1A22A888-C499-47B1-8410-3CB356CAFAC4}.Release|x64.Build.0 = Release|Any CPU
		{0217E2F0-1B5C-4A0F-B0F2-70CF4BD768AE}.Cloud-Dev|Any CPU.ActiveCfg = Debug|Any CPU
		{0217E2F0-1B5C-4A0F-B0F2-70CF4BD768AE}.Cloud-Dev|Any CPU.Build.0 = Debug|Any CPU
		{0217E2F0-1B5C-4A0F-B0F2-70CF4BD768AE}.Cloud-Dev|x64.ActiveCfg = Debug|Any CPU
		{0217E2F0-1B5C-4A0F-B0F2-70CF4BD768AE}.Cloud-Dev|x64.Build.0 = Debug|Any CPU
		{0217E2F0-1B5C-4A0F-B0F2-70CF4BD768AE}.Debug|Any CPU.ActiveCfg = Debug|Any CPU
		{0217E2F0-1B5C-4A0F-B0F2-70CF4BD768AE}.Debug|Any CPU.Build.0 = Debug|Any CPU
		{0217E2F0-1B5C-4A0F-B0F2-70CF4BD768AE}.Debug|x64.ActiveCfg = Debug|Any CPU
		{0217E2F0-1B5C-4A0F-B0F2-70CF4BD768AE}.Debug|x64.Build.0 = Debug|Any CPU
		{0217E2F0-1B5C-4A0F-B0F2-70CF4BD768AE}.Release|Any CPU.ActiveCfg = Release|Any CPU
		{0217E2F0-1B5C-4A0F-B0F2-70CF4BD768AE}.Release|Any CPU.Build.0 = Release|Any CPU
		{0217E2F0-1B5C-4A0F-B0F2-70CF4BD768AE}.Release|x64.ActiveCfg = Release|Any CPU
		{0217E2F0-1B5C-4A0F-B0F2-70CF4BD768AE}.Release|x64.Build.0 = Release|Any CPU
		{C7102E2F-8032-48BE-83AA-ECED46CD79FC}.Cloud-Dev|Any CPU.ActiveCfg = Debug|Any CPU
		{C7102E2F-8032-48BE-83AA-ECED46CD79FC}.Cloud-Dev|Any CPU.Build.0 = Debug|Any CPU
		{C7102E2F-8032-48BE-83AA-ECED46CD79FC}.Cloud-Dev|x64.ActiveCfg = Debug|Any CPU
		{C7102E2F-8032-48BE-83AA-ECED46CD79FC}.Cloud-Dev|x64.Build.0 = Debug|Any CPU
		{C7102E2F-8032-48BE-83AA-ECED46CD79FC}.Debug|Any CPU.ActiveCfg = Debug|Any CPU
		{C7102E2F-8032-48BE-83AA-ECED46CD79FC}.Debug|Any CPU.Build.0 = Debug|Any CPU
		{C7102E2F-8032-48BE-83AA-ECED46CD79FC}.Debug|x64.ActiveCfg = Debug|Any CPU
		{C7102E2F-8032-48BE-83AA-ECED46CD79FC}.Debug|x64.Build.0 = Debug|Any CPU
		{C7102E2F-8032-48BE-83AA-ECED46CD79FC}.Release|Any CPU.ActiveCfg = Release|Any CPU
		{C7102E2F-8032-48BE-83AA-ECED46CD79FC}.Release|Any CPU.Build.0 = Release|Any CPU
		{C7102E2F-8032-48BE-83AA-ECED46CD79FC}.Release|x64.ActiveCfg = Release|Any CPU
		{C7102E2F-8032-48BE-83AA-ECED46CD79FC}.Release|x64.Build.0 = Release|Any CPU
		{23477002-62D8-42BA-B1D3-ED40DDD3ECDD}.Cloud-Dev|Any CPU.ActiveCfg = Debug|Any CPU
		{23477002-62D8-42BA-B1D3-ED40DDD3ECDD}.Cloud-Dev|Any CPU.Build.0 = Debug|Any CPU
		{23477002-62D8-42BA-B1D3-ED40DDD3ECDD}.Cloud-Dev|x64.ActiveCfg = Debug|Any CPU
		{23477002-62D8-42BA-B1D3-ED40DDD3ECDD}.Cloud-Dev|x64.Build.0 = Debug|Any CPU
		{23477002-62D8-42BA-B1D3-ED40DDD3ECDD}.Debug|Any CPU.ActiveCfg = Debug|Any CPU
		{23477002-62D8-42BA-B1D3-ED40DDD3ECDD}.Debug|Any CPU.Build.0 = Debug|Any CPU
		{23477002-62D8-42BA-B1D3-ED40DDD3ECDD}.Debug|x64.ActiveCfg = Debug|Any CPU
		{23477002-62D8-42BA-B1D3-ED40DDD3ECDD}.Debug|x64.Build.0 = Debug|Any CPU
		{23477002-62D8-42BA-B1D3-ED40DDD3ECDD}.Release|Any CPU.ActiveCfg = Release|Any CPU
		{23477002-62D8-42BA-B1D3-ED40DDD3ECDD}.Release|Any CPU.Build.0 = Release|Any CPU
		{23477002-62D8-42BA-B1D3-ED40DDD3ECDD}.Release|x64.ActiveCfg = Release|Any CPU
		{23477002-62D8-42BA-B1D3-ED40DDD3ECDD}.Release|x64.Build.0 = Release|Any CPU
		{70D1B47B-98DB-48A8-8EBD-3EAD4999A3AD}.Cloud-Dev|Any CPU.ActiveCfg = Debug|Any CPU
		{70D1B47B-98DB-48A8-8EBD-3EAD4999A3AD}.Cloud-Dev|Any CPU.Build.0 = Debug|Any CPU
		{70D1B47B-98DB-48A8-8EBD-3EAD4999A3AD}.Cloud-Dev|x64.ActiveCfg = Debug|Any CPU
		{70D1B47B-98DB-48A8-8EBD-3EAD4999A3AD}.Cloud-Dev|x64.Build.0 = Debug|Any CPU
		{70D1B47B-98DB-48A8-8EBD-3EAD4999A3AD}.Debug|Any CPU.ActiveCfg = Debug|Any CPU
		{70D1B47B-98DB-48A8-8EBD-3EAD4999A3AD}.Debug|Any CPU.Build.0 = Debug|Any CPU
		{70D1B47B-98DB-48A8-8EBD-3EAD4999A3AD}.Debug|x64.ActiveCfg = Debug|Any CPU
		{70D1B47B-98DB-48A8-8EBD-3EAD4999A3AD}.Debug|x64.Build.0 = Debug|Any CPU
		{70D1B47B-98DB-48A8-8EBD-3EAD4999A3AD}.Release|Any CPU.ActiveCfg = Release|Any CPU
		{70D1B47B-98DB-48A8-8EBD-3EAD4999A3AD}.Release|Any CPU.Build.0 = Release|Any CPU
		{70D1B47B-98DB-48A8-8EBD-3EAD4999A3AD}.Release|x64.ActiveCfg = Release|Any CPU
		{70D1B47B-98DB-48A8-8EBD-3EAD4999A3AD}.Release|x64.Build.0 = Release|Any CPU
		{E7E0935D-9702-4C8D-9567-414ED1C6421C}.Cloud-Dev|Any CPU.ActiveCfg = Debug|Any CPU
		{E7E0935D-9702-4C8D-9567-414ED1C6421C}.Cloud-Dev|Any CPU.Build.0 = Debug|Any CPU
		{E7E0935D-9702-4C8D-9567-414ED1C6421C}.Cloud-Dev|x64.ActiveCfg = Debug|Any CPU
		{E7E0935D-9702-4C8D-9567-414ED1C6421C}.Cloud-Dev|x64.Build.0 = Debug|Any CPU
		{E7E0935D-9702-4C8D-9567-414ED1C6421C}.Debug|Any CPU.ActiveCfg = Debug|Any CPU
		{E7E0935D-9702-4C8D-9567-414ED1C6421C}.Debug|Any CPU.Build.0 = Debug|Any CPU
		{E7E0935D-9702-4C8D-9567-414ED1C6421C}.Debug|x64.ActiveCfg = Debug|Any CPU
		{E7E0935D-9702-4C8D-9567-414ED1C6421C}.Debug|x64.Build.0 = Debug|Any CPU
		{E7E0935D-9702-4C8D-9567-414ED1C6421C}.Release|Any CPU.ActiveCfg = Release|Any CPU
		{E7E0935D-9702-4C8D-9567-414ED1C6421C}.Release|Any CPU.Build.0 = Release|Any CPU
		{E7E0935D-9702-4C8D-9567-414ED1C6421C}.Release|x64.ActiveCfg = Release|Any CPU
		{E7E0935D-9702-4C8D-9567-414ED1C6421C}.Release|x64.Build.0 = Release|Any CPU
		{223046F5-3FAE-45B3-AD71-91623CD949FF}.Cloud-Dev|Any CPU.ActiveCfg = Debug|Any CPU
		{223046F5-3FAE-45B3-AD71-91623CD949FF}.Cloud-Dev|Any CPU.Build.0 = Debug|Any CPU
		{223046F5-3FAE-45B3-AD71-91623CD949FF}.Cloud-Dev|x64.ActiveCfg = Debug|Any CPU
		{223046F5-3FAE-45B3-AD71-91623CD949FF}.Cloud-Dev|x64.Build.0 = Debug|Any CPU
		{223046F5-3FAE-45B3-AD71-91623CD949FF}.Debug|Any CPU.ActiveCfg = Debug|Any CPU
		{223046F5-3FAE-45B3-AD71-91623CD949FF}.Debug|Any CPU.Build.0 = Debug|Any CPU
		{223046F5-3FAE-45B3-AD71-91623CD949FF}.Debug|x64.ActiveCfg = Debug|Any CPU
		{223046F5-3FAE-45B3-AD71-91623CD949FF}.Debug|x64.Build.0 = Debug|Any CPU
		{223046F5-3FAE-45B3-AD71-91623CD949FF}.Release|Any CPU.ActiveCfg = Release|Any CPU
		{223046F5-3FAE-45B3-AD71-91623CD949FF}.Release|Any CPU.Build.0 = Release|Any CPU
		{223046F5-3FAE-45B3-AD71-91623CD949FF}.Release|x64.ActiveCfg = Release|Any CPU
		{223046F5-3FAE-45B3-AD71-91623CD949FF}.Release|x64.Build.0 = Release|Any CPU
	EndGlobalSection
	GlobalSection(SolutionProperties) = preSolution
		HideSolutionNode = FALSE
	EndGlobalSection
	GlobalSection(NestedProjects) = preSolution
		{88E83460-813F-44A1-A679-A6D3FA424EE1} = {E2C65D8D-0DCF-476C-B169-A2E11CC51F8A}
		{7C2F373F-9206-464D-9B20-6B00CA481F9B} = {E2C65D8D-0DCF-476C-B169-A2E11CC51F8A}
		{FA800016-C390-405E-89F6-D0BA4E8E3079} = {E2C65D8D-0DCF-476C-B169-A2E11CC51F8A}
		{2D2ED7EB-15BC-4025-A300-0E702F4A4174} = {AFD21ED3-AA11-4B78-97B7-8B630C53E40C}
		{8035BDE9-AAA7-4D76-A252-D05ACB9F9213} = {AFD21ED3-AA11-4B78-97B7-8B630C53E40C}
		{700B8AEB-1D53-49C4-98BB-80760503386B} = {82AF59DE-EC8C-4161-81C9-56DBC1D6D966}
		{A2491E3A-974A-4CF1-BE8C-71FDDB2E2671} = {82AF59DE-EC8C-4161-81C9-56DBC1D6D966}
		{5381F78A-5C4F-4D01-84CD-D089092A45B5} = {82AF59DE-EC8C-4161-81C9-56DBC1D6D966}
		{1A22A888-C499-47B1-8410-3CB356CAFAC4} = {3097E782-8305-4027-B39C-357AAEB0B686}
		{0217E2F0-1B5C-4A0F-B0F2-70CF4BD768AE} = {3097E782-8305-4027-B39C-357AAEB0B686}
		{C7102E2F-8032-48BE-83AA-ECED46CD79FC} = {3097E782-8305-4027-B39C-357AAEB0B686}
		{23477002-62D8-42BA-B1D3-ED40DDD3ECDD} = {3097E782-8305-4027-B39C-357AAEB0B686}
		{70D1B47B-98DB-48A8-8EBD-3EAD4999A3AD} = {C299A4ED-0C72-46FC-8988-8C0393C4B174}
		{E7E0935D-9702-4C8D-9567-414ED1C6421C} = {C299A4ED-0C72-46FC-8988-8C0393C4B174}
		{223046F5-3FAE-45B3-AD71-91623CD949FF} = {C299A4ED-0C72-46FC-8988-8C0393C4B174}
		{11C304DC-B835-4902-8910-D913AF22F1AB} = {FAD9CC05-C969-4AEA-9897-38328784F471}
		{024F8A89-9D1C-4948-BD9E-1A71FF5BC1EE} = {FAD9CC05-C969-4AEA-9897-38328784F471}
	EndGlobalSection
	GlobalSection(ExtensibilityGlobals) = postSolution
		SolutionGuid = {D1F15B0A-1C9E-4766-A6EA-45FB37ECAA34}
	EndGlobalSection
EndGlobal
